PODS:
  - Alamofire (5.6.4)
  - IQKeyboardManagerSwift (6.3.0)
  - Kingfisher (7.6.2)
  - SwiftLint (0.52.2)

DEPENDENCIES:
  - Alamofire
  - IQKeyboardManagerSwift (= 6.3.0)
  - Kingfisher
  - SwiftLint

SPEC REPOS:
  trunk:
    - Alamofire
    - IQKeyboardManagerSwift
    - Kingfisher
    - SwiftLint

SPEC CHECKSUMS:
  Alamofire: 4e95d97098eacb88856099c4fc79b526a299e48c
  IQKeyboardManagerSwift: a8228c257614af98743b4cd8584637025f36358f
  Kingfisher: 6c5449c6450c5239166510ba04afe374a98afc4f
  SwiftLint: 1ac76dac888ca05cb0cf24d0c85887ec1209961d

PODFILE CHECKSUM: ec2c50e98a4216cec1ad22c58cdc2350958ae4c3

COCOAPODS: 1.12.0
